// !$*UTF8*$!
{
	archiveVersion = 1;
	classes = {
	};
	objectVersion = 46;
	objects = {

/* Begin PBXBuildFile section */
		AF74CDAD76B3711B660DF36C /* Pods_MapViewer.framework in Frameworks */ = {isa = PBXBuildFile; fileRef = BDFF40373D8FC2F892911ACF /* Pods_MapViewer.framework */; };
		E0239AB31E7C330600072260 /* Model.xcdatamodeld in Sources */ = {isa = PBXBuildFile; fileRef = E0239AB11E7C330600072260 /* Model.xcdatamodeld */; };
		E0239AB61E7C38A700072260 /* DatabaseManager.swift in Sources */ = {isa = PBXBuildFile; fileRef = E0239AB51E7C38A700072260 /* DatabaseManager.swift */; };
		E0239ABA1E7C9D8D00072260 /* LastCheckedTableViewController.swift in Sources */ = {isa = PBXBuildFile; fileRef = E0239AB91E7C9D8D00072260 /* LastCheckedTableViewController.swift */; };
		E0239ABC1E7C9F4D00072260 /* TableViewCell.swift in Sources */ = {isa = PBXBuildFile; fileRef = E0239ABB1E7C9F4D00072260 /* TableViewCell.swift */; };
		E078C2421E7B0C380016926D /* ConnectionManager.swift in Sources */ = {isa = PBXBuildFile; fileRef = E078C2411E7B0C380016926D /* ConnectionManager.swift */; };
		E078C2471E7B3A800016926D /* CoreData.framework in Frameworks */ = {isa = PBXBuildFile; fileRef = E078C2461E7B3A800016926D /* CoreData.framework */; };
		E078C26F1E7B4AE00016926D /* PlaceDetailsViewController.swift in Sources */ = {isa = PBXBuildFile; fileRef = E078C26E1E7B4AE00016926D /* PlaceDetailsViewController.swift */; };
		E09134311E7945F400D3BBFD /* AppDelegate.swift in Sources */ = {isa = PBXBuildFile; fileRef = E09134301E7945F400D3BBFD /* AppDelegate.swift */; };
		E09134381E7945F400D3BBFD /* Main.storyboard in Resources */ = {isa = PBXBuildFile; fileRef = E09134361E7945F400D3BBFD /* Main.storyboard */; };
		E091343A1E7945F400D3BBFD /* Assets.xcassets in Resources */ = {isa = PBXBuildFile; fileRef = E09134391E7945F400D3BBFD /* Assets.xcassets */; };
		E091343D1E7945F400D3BBFD /* LaunchScreen.storyboard in Resources */ = {isa = PBXBuildFile; fileRef = E091343B1E7945F400D3BBFD /* LaunchScreen.storyboard */; };
		E09134471E79494500D3BBFD /* Podfile in Resources */ = {isa = PBXBuildFile; fileRef = E09134461E79494500D3BBFD /* Podfile */; };
		E091344B1E79602A00D3BBFD /* CoreLocation.framework in Frameworks */ = {isa = PBXBuildFile; fileRef = E091344A1E79602A00D3BBFD /* CoreLocation.framework */; };
		E091344D1E79658200D3BBFD /* MapViewController.swift in Sources */ = {isa = PBXBuildFile; fileRef = E091344C1E79658200D3BBFD /* MapViewController.swift */; };
/* End PBXBuildFile section */

/* Begin PBXFileReference section */
		368D702065FD1BF272BC6BD0 /* Pods-MapViewer.release.xcconfig */ = {isa = PBXFileReference; includeInIndex = 1; lastKnownFileType = text.xcconfig; name = "Pods-MapViewer.release.xcconfig"; path = "Pods/Target Support Files/Pods-MapViewer/Pods-MapViewer.release.xcconfig"; sourceTree = "<group>"; };
		BDFF40373D8FC2F892911ACF /* Pods_MapViewer.framework */ = {isa = PBXFileReference; explicitFileType = wrapper.framework; includeInIndex = 0; path = Pods_MapViewer.framework; sourceTree = BUILT_PRODUCTS_DIR; };
		E0239AB21E7C330600072260 /* Model.xcdatamodel */ = {isa = PBXFileReference; lastKnownFileType = wrapper.xcdatamodel; path = Model.xcdatamodel; sourceTree = "<group>"; };
		E0239AB51E7C38A700072260 /* DatabaseManager.swift */ = {isa = PBXFileReference; fileEncoding = 4; lastKnownFileType = sourcecode.swift; path = DatabaseManager.swift; sourceTree = "<group>"; };
		E0239AB91E7C9D8D00072260 /* LastCheckedTableViewController.swift */ = {isa = PBXFileReference; fileEncoding = 4; lastKnownFileType = sourcecode.swift; path = LastCheckedTableViewController.swift; sourceTree = "<group>"; };
		E0239ABB1E7C9F4D00072260 /* TableViewCell.swift */ = {isa = PBXFileReference; fileEncoding = 4; lastKnownFileType = sourcecode.swift; path = TableViewCell.swift; sourceTree = "<group>"; };
		E078C2411E7B0C380016926D /* ConnectionManager.swift */ = {isa = PBXFileReference; fileEncoding = 4; lastKnownFileType = sourcecode.swift; path = ConnectionManager.swift; sourceTree = "<group>"; };
		E078C2461E7B3A800016926D /* CoreData.framework */ = {isa = PBXFileReference; lastKnownFileType = wrapper.framework; name = CoreData.framework; path = System/Library/Frameworks/CoreData.framework; sourceTree = SDKROOT; };
		E078C26E1E7B4AE00016926D /* PlaceDetailsViewController.swift */ = {isa = PBXFileReference; fileEncoding = 4; lastKnownFileType = sourcecode.swift; path = PlaceDetailsViewController.swift; sourceTree = "<group>"; };
		E091342D1E7945F400D3BBFD /* MapViewer.app */ = {isa = PBXFileReference; explicitFileType = wrapper.application; includeInIndex = 0; path = MapViewer.app; sourceTree = BUILT_PRODUCTS_DIR; };
		E09134301E7945F400D3BBFD /* AppDelegate.swift */ = {isa = PBXFileReference; lastKnownFileType = sourcecode.swift; path = AppDelegate.swift; sourceTree = "<group>"; };
		E09134371E7945F400D3BBFD /* Base */ = {isa = PBXFileReference; lastKnownFileType = file.storyboard; name = Base; path = Base.lproj/Main.storyboard; sourceTree = "<group>"; };
		E09134391E7945F400D3BBFD /* Assets.xcassets */ = {isa = PBXFileReference; lastKnownFileType = folder.assetcatalog; path = Assets.xcassets; sourceTree = "<group>"; };
		E091343C1E7945F400D3BBFD /* Base */ = {isa = PBXFileReference; lastKnownFileType = file.storyboard; name = Base; path = Base.lproj/LaunchScreen.storyboard; sourceTree = "<group>"; };
		E091343E1E7945F400D3BBFD /* Info.plist */ = {isa = PBXFileReference; lastKnownFileType = text.plist.xml; path = Info.plist; sourceTree = "<group>"; };
		E09134461E79494500D3BBFD /* Podfile */ = {isa = PBXFileReference; fileEncoding = 4; lastKnownFileType = text; path = Podfile; sourceTree = "<group>"; xcLanguageSpecificationIdentifier = xcode.lang.ruby; };
		E091344A1E79602A00D3BBFD /* CoreLocation.framework */ = {isa = PBXFileReference; lastKnownFileType = wrapper.framework; name = CoreLocation.framework; path = System/Library/Frameworks/CoreLocation.framework; sourceTree = SDKROOT; };
		E091344C1E79658200D3BBFD /* MapViewController.swift */ = {isa = PBXFileReference; fileEncoding = 4; lastKnownFileType = sourcecode.swift; path = MapViewController.swift; sourceTree = "<group>"; };
		F4F0BC6194AB091076677077 /* Pods-MapViewer.debug.xcconfig */ = {isa = PBXFileReference; includeInIndex = 1; lastKnownFileType = text.xcconfig; name = "Pods-MapViewer.debug.xcconfig"; path = "Pods/Target Support Files/Pods-MapViewer/Pods-MapViewer.debug.xcconfig"; sourceTree = "<group>"; };
/* End PBXFileReference section */

/* Begin PBXFrameworksBuildPhase section */
		E091342A1E7945F400D3BBFD /* Frameworks */ = {
			isa = PBXFrameworksBuildPhase;
			buildActionMask = 2147483647;
			files = (
				E078C2471E7B3A800016926D /* CoreData.framework in Frameworks */,
				E091344B1E79602A00D3BBFD /* CoreLocation.framework in Frameworks */,
				AF74CDAD76B3711B660DF36C /* Pods_MapViewer.framework in Frameworks */,
			);
			runOnlyForDeploymentPostprocessing = 0;
		};
/* End PBXFrameworksBuildPhase section */

/* Begin PBXGroup section */
		BB82E32C5FFC5A36B2BF3C59 /* Pods */ = {
			isa = PBXGroup;
			children = (
				F4F0BC6194AB091076677077 /* Pods-MapViewer.debug.xcconfig */,
				368D702065FD1BF272BC6BD0 /* Pods-MapViewer.release.xcconfig */,
			);
			name = Pods;
			sourceTree = "<group>";
		};
		E0239AB41E7C377500072260 /* Custom views */ = {
			isa = PBXGroup;
			children = (
			);
			name = "Custom views";
			sourceTree = "<group>";
		};
		E078C2431E7B321A0016926D /* Managers */ = {
			isa = PBXGroup;
			children = (
				E078C2411E7B0C380016926D /* ConnectionManager.swift */,
				E0239AB51E7C38A700072260 /* DatabaseManager.swift */,
			);
			name = Managers;
			sourceTree = "<group>";
		};
		E078C2441E7B32220016926D /* ViewControllers */ = {
			isa = PBXGroup;
			children = (
				E078C26E1E7B4AE00016926D /* PlaceDetailsViewController.swift */,
				E091344C1E79658200D3BBFD /* MapViewController.swift */,
				E0239AB91E7C9D8D00072260 /* LastCheckedTableViewController.swift */,
				E0239ABB1E7C9F4D00072260 /* TableViewCell.swift */,
			);
			name = ViewControllers;
			sourceTree = "<group>";
		};
		E078C2451E7B32330016926D /* Model */ = {
			isa = PBXGroup;
			children = (
			);
			name = Model;
			sourceTree = "<group>";
		};
		E09134241E7945F400D3BBFD = {
			isa = PBXGroup;
			children = (
				E09134461E79494500D3BBFD /* Podfile */,
				E091342F1E7945F400D3BBFD /* MapViewer */,
				E091342E1E7945F400D3BBFD /* Products */,
				BB82E32C5FFC5A36B2BF3C59 /* Pods */,
				FC57D80880C74076ED66E6FA /* Frameworks */,
			);
			sourceTree = "<group>";
		};
		E091342E1E7945F400D3BBFD /* Products */ = {
			isa = PBXGroup;
			children = (
				E091342D1E7945F400D3BBFD /* MapViewer.app */,
			);
			name = Products;
			sourceTree = "<group>";
		};
		E091342F1E7945F400D3BBFD /* MapViewer */ = {
			isa = PBXGroup;
			children = (
				E0239AB41E7C377500072260 /* Custom views */,
				E078C2451E7B32330016926D /* Model */,
				E078C2441E7B32220016926D /* ViewControllers */,
				E078C2431E7B321A0016926D /* Managers */,
				E09134301E7945F400D3BBFD /* AppDelegate.swift */,
				E09134361E7945F400D3BBFD /* Main.storyboard */,
				E09134391E7945F400D3BBFD /* Assets.xcassets */,
				E091343B1E7945F400D3BBFD /* LaunchScreen.storyboard */,
				E091343E1E7945F400D3BBFD /* Info.plist */,
				E0239AB11E7C330600072260 /* Model.xcdatamodeld */,
			);
			path = MapViewer;
			sourceTree = "<group>";
		};
		FC57D80880C74076ED66E6FA /* Frameworks */ = {
			isa = PBXGroup;
			children = (
				E078C2461E7B3A800016926D /* CoreData.framework */,
				E091344A1E79602A00D3BBFD /* CoreLocation.framework */,
				BDFF40373D8FC2F892911ACF /* Pods_MapViewer.framework */,
			);
			name = Frameworks;
			sourceTree = "<group>";
		};
/* End PBXGroup section */

/* Begin PBXNativeTarget section */
		E091342C1E7945F400D3BBFD /* MapViewer */ = {
			isa = PBXNativeTarget;
			buildConfigurationList = E09134411E7945F400D3BBFD /* Build configuration list for PBXNativeTarget "MapViewer" */;
			buildPhases = (
				DAFB302869E82EDA1C9F9F15 /* [CP] Check Pods Manifest.lock */,
				E09134291E7945F400D3BBFD /* Sources */,
				E091342A1E7945F400D3BBFD /* Frameworks */,
				E091342B1E7945F400D3BBFD /* Resources */,
				17910A5B060D60DC4B39916D /* [CP] Embed Pods Frameworks */,
				6795DD583254CB5257F953EB /* [CP] Copy Pods Resources */,
			);
			buildRules = (
			);
			dependencies = (
			);
			name = MapViewer;
			productName = MapViewer;
			productReference = E091342D1E7945F400D3BBFD /* MapViewer.app */;
			productType = "com.apple.product-type.application";
		};
/* End PBXNativeTarget section */

/* Begin PBXProject section */
		E09134251E7945F400D3BBFD /* Project object */ = {
			isa = PBXProject;
			attributes = {
				LastSwiftUpdateCheck = 0820;
				LastUpgradeCheck = 0820;
				ORGANIZATIONNAME = "Damian Ferens";
				TargetAttributes = {
					E091342C1E7945F400D3BBFD = {
						CreatedOnToolsVersion = 8.2.1;
						DevelopmentTeam = R6WRAS7NH9;
						ProvisioningStyle = Automatic;
					};
				};
			};
			buildConfigurationList = E09134281E7945F400D3BBFD /* Build configuration list for PBXProject "MapViewer" */;
			compatibilityVersion = "Xcode 3.2";
			developmentRegion = English;
			hasScannedForEncodings = 0;
			knownRegions = (
				en,
				Base,
			);
			mainGroup = E09134241E7945F400D3BBFD;
			productRefGroup = E091342E1E7945F400D3BBFD /* Products */;
			projectDirPath = "";
			projectRoot = "";
			targets = (
				E091342C1E7945F400D3BBFD /* MapViewer */,
			);
		};
/* End PBXProject section */

/* Begin PBXResourcesBuildPhase section */
		E091342B1E7945F400D3BBFD /* Resources */ = {
			isa = PBXResourcesBuildPhase;
			buildActionMask = 2147483647;
			files = (
				E091343D1E7945F400D3BBFD /* LaunchScreen.storyboard in Resources */,
				E091343A1E7945F400D3BBFD /* Assets.xcassets in Resources */,
				E09134471E79494500D3BBFD /* Podfile in Resources */,
				E09134381E7945F400D3BBFD /* Main.storyboard in Resources */,
			);
			runOnlyForDeploymentPostprocessing = 0;
		};
/* End PBXResourcesBuildPhase section */

/* Begin PBXShellScriptBuildPhase section */
		17910A5B060D60DC4B39916D /* [CP] Embed Pods Frameworks */ = {
			isa = PBXShellScriptBuildPhase;
			buildActionMask = 2147483647;
			files = (
			);
			inputPaths = (
			);
			name = "[CP] Embed Pods Frameworks";
			outputPaths = (
			);
			runOnlyForDeploymentPostprocessing = 0;
			shellPath = /bin/sh;
			shellScript = "\"${SRCROOT}/Pods/Target Support Files/Pods-MapViewer/Pods-MapViewer-frameworks.sh\"\n";
			showEnvVarsInLog = 0;
		};
		6795DD583254CB5257F953EB /* [CP] Copy Pods Resources */ = {
			isa = PBXShellScriptBuildPhase;
			buildActionMask = 2147483647;
			files = (
			);
			inputPaths = (
			);
			name = "[CP] Copy Pods Resources";
			outputPaths = (
			);
			runOnlyForDeploymentPostprocessing = 0;
			shellPath = /bin/sh;
			shellScript = "\"${SRCROOT}/Pods/Target Support Files/Pods-MapViewer/Pods-MapViewer-resources.sh\"\n";
			showEnvVarsInLog = 0;
		};
		DAFB302869E82EDA1C9F9F15 /* [CP] Check Pods Manifest.lock */ = {
			isa = PBXShellScriptBuildPhase;
			buildActionMask = 2147483647;
			files = (
			);
			inputPaths = (
			);
			name = "[CP] Check Pods Manifest.lock";
			outputPaths = (
			);
			runOnlyForDeploymentPostprocessing = 0;
			shellPath = /bin/sh;
			shellScript = "diff \"${PODS_ROOT}/../Podfile.lock\" \"${PODS_ROOT}/Manifest.lock\" > /dev/null\nif [ $? != 0 ] ; then\n    # print error to STDERR\n    echo \"error: The sandbox is not in sync with the Podfile.lock. Run 'pod install' or update your CocoaPods installation.\" >&2\n    exit 1\nfi\n";
			showEnvVarsInLog = 0;
		};
/* End PBXShellScriptBuildPhase section */

/* Begin PBXSourcesBuildPhase section */
		E09134291E7945F400D3BBFD /* Sources */ = {
			isa = PBXSourcesBuildPhase;
			buildActionMask = 2147483647;
			files = (
				E0239AB61E7C38A700072260 /* DatabaseManager.swift in Sources */,
				E0239ABC1E7C9F4D00072260 /* TableViewCell.swift in Sources */,
				E078C26F1E7B4AE00016926D /* PlaceDetailsViewController.swift in Sources */,
				E0239AB31E7C330600072260 /* Model.xcdatamodeld in Sources */,
				E078C2421E7B0C380016926D /* ConnectionManager.swift in Sources */,
				E0239ABA1E7C9D8D00072260 /* LastCheckedTableViewController.swift in Sources */,
				E09134311E7945F400D3BBFD /* AppDelegate.swift in Sources */,
				E091344D1E79658200D3BBFD /* MapViewController.swift in Sources */,
			);
			runOnlyForDeploymentPostprocessing = 0;
		};
/* End PBXSourcesBuildPhase section */

/* Begin PBXVariantGroup section */
		E09134361E7945F400D3BBFD /* Main.storyboard */ = {
			isa = PBXVariantGroup;
			children = (
				E09134371E7945F400D3BBFD /* Base */,
			);
			name = Main.storyboard;
			sourceTree = "<group>";
		};
		E091343B1E7945F400D3BBFD /* LaunchScreen.storyboard */ = {
			isa = PBXVariantGroup;
			children = (
				E091343C1E7945F400D3BBFD /* Base */,
			);
			name = LaunchScreen.storyboard;
			sourceTree = "<group>";
		};
/* End PBXVariantGroup section */

/* Begin XCBuildConfiguration section */
		E091343F1E7945F400D3BBFD /* Debug */ = {
			isa = XCBuildConfiguration;
			buildSettings = {
				ALWAYS_SEARCH_USER_PATHS = NO;
				CLANG_ANALYZER_NONNULL = YES;
				CLANG_CXX_LANGUAGE_STANDARD = "gnu++0x";
				CLANG_CXX_LIBRARY = "libc++";
				CLANG_ENABLE_MODULES = YES;
				CLANG_ENABLE_OBJC_ARC = YES;
				CLANG_WARN_BOOL_CONVERSION = YES;
				CLANG_WARN_CONSTANT_CONVERSION = YES;
				CLANG_WARN_DIRECT_OBJC_ISA_USAGE = YES_ERROR;
				CLANG_WARN_DOCUMENTATION_COMMENTS = YES;
				CLANG_WARN_EMPTY_BODY = YES;
				CLANG_WARN_ENUM_CONVERSION = YES;
				CLANG_WARN_INFINITE_RECURSION = YES;
				CLANG_WARN_INT_CONVERSION = YES;
				CLANG_WARN_OBJC_ROOT_CLASS = YES_ERROR;
				CLANG_WARN_SUSPICIOUS_MOVE = YES;
				CLANG_WARN_UNREACHABLE_CODE = YES;
				CLANG_WARN__DUPLICATE_METHOD_MATCH = YES;
				"CODE_SIGN_IDENTITY[sdk=iphoneos*]" = "iPhone Developer";
				COPY_PHASE_STRIP = NO;
				DEBUG_INFORMATION_FORMAT = dwarf;
				ENABLE_STRICT_OBJC_MSGSEND = YES;
				ENABLE_TESTABILITY = YES;
				GCC_C_LANGUAGE_STANDARD = gnu99;
				GCC_DYNAMIC_NO_PIC = NO;
				GCC_NO_COMMON_BLOCKS = YES;
				GCC_OPTIMIZATION_LEVEL = 0;
				GCC_PREPROCESSOR_DEFINITIONS = (
					"DEBUG=1",
					"$(inherited)",
				);
				GCC_WARN_64_TO_32_BIT_CONVERSION = YES;
				GCC_WARN_ABOUT_RETURN_TYPE = YES_ERROR;
				GCC_WARN_UNDECLARED_SELECTOR = YES;
				GCC_WARN_UNINITIALIZED_AUTOS = YES_AGGRESSIVE;
				GCC_WARN_UNUSED_FUNCTION = YES;
				GCC_WARN_UNUSED_VARIABLE = YES;
				IPHONEOS_DEPLOYMENT_TARGET = 10.2;
				MTL_ENABLE_DEBUG_INFO = YES;
				ONLY_ACTIVE_ARCH = YES;
				SDKROOT = iphoneos;
				SWIFT_ACTIVE_COMPILATION_CONDITIONS = DEBUG;
				SWIFT_OPTIMIZATION_LEVEL = "-Onone";
				TARGETED_DEVICE_FAMILY = "1,2";
			};
			name = Debug;
		};
		E09134401E7945F400D3BBFD /* Release */ = {
			isa = XCBuildConfiguration;
			buildSettings = {
				ALWAYS_SEARCH_USER_PATHS = NO;
				CLANG_ANALYZER_NONNULL = YES;
				CLANG_CXX_LANGUAGE_STANDARD = "gnu++0x";
				CLANG_CXX_LIBRARY = "libc++";
				CLANG_ENABLE_MODULES = YES;
				CLANG_ENABLE_OBJC_ARC = YES;
				CLANG_WARN_BOOL_CONVERSION = YES;
				CLANG_WARN_CONSTANT_CONVERSION = YES;
				CLANG_WARN_DIRECT_OBJC_ISA_USAGE = YES_ERROR;
				CLANG_WARN_DOCUMENTATION_COMMENTS = YES;
				CLANG_WARN_EMPTY_BODY = YES;
				CLANG_WARN_ENUM_CONVERSION = YES;
				CLANG_WARN_INFINITE_RECURSION = YES;
				CLANG_WARN_INT_CONVERSION = YES;
				CLANG_WARN_OBJC_ROOT_CLASS = YES_ERROR;
				CLANG_WARN_SUSPICIOUS_MOVE = YES;
				CLANG_WARN_UNREACHABLE_CODE = YES;
				CLANG_WARN__DUPLICATE_METHOD_MATCH = YES;
				"CODE_SIGN_IDENTITY[sdk=iphoneos*]" = "iPhone Developer";
				COPY_PHASE_STRIP = NO;
				DEBUG_INFORMATION_FORMAT = "dwarf-with-dsym";
				ENABLE_NS_ASSERTIONS = NO;
				ENABLE_STRICT_OBJC_MSGSEND = YES;
				GCC_C_LANGUAGE_STANDARD = gnu99;
				GCC_NO_COMMON_BLOCKS = YES;
				GCC_WARN_64_TO_32_BIT_CONVERSION = YES;
				GCC_WARN_ABOUT_RETURN_TYPE = YES_ERROR;
				GCC_WARN_UNDECLARED_SELECTOR = YES;
				GCC_WARN_UNINITIALIZED_AUTOS = YES_AGGRESSIVE;
				GCC_WARN_UNUSED_FUNCTION = YES;
				GCC_WARN_UNUSED_VARIABLE = YES;
				IPHONEOS_DEPLOYMENT_TARGET = 10.2;
				MTL_ENABLE_DEBUG_INFO = NO;
				SDKROOT = iphoneos;
				SWIFT_OPTIMIZATION_LEVEL = "-Owholemodule";
				TARGETED_DEVICE_FAMILY = "1,2";
				VALIDATE_PRODUCT = YES;
			};
			name = Release;
		};
		E09134421E7945F400D3BBFD /* Debug */ = {
			isa = XCBuildConfiguration;
			baseConfigurationReference = F4F0BC6194AB091076677077 /* Pods-MapViewer.debug.xcconfig */;
			buildSettings = {
				ASSETCATALOG_COMPILER_APPICON_NAME = AppIcon;
				"CODE_SIGN_IDENTITY[sdk=iphoneos*]" = "iPhone Developer";
				DEVELOPMENT_TEAM = R6WRAS7NH9;
				INFOPLIST_FILE = MapViewer/Info.plist;
				LD_RUNPATH_SEARCH_PATHS = "$(inherited) @executable_path/Frameworks";
				PRODUCT_BUNDLE_IDENTIFIER = DF.RoboHash;
				PRODUCT_NAME = "$(TARGET_NAME)";
				SWIFT_VERSION = 3.0;
			};
			name = Debug;
		};
		E09134431E7945F400D3BBFD /* Release */ = {
			isa = XCBuildConfiguration;
			baseConfigurationReference = 368D702065FD1BF272BC6BD0 /* Pods-MapViewer.release.xcconfig */;
			buildSettings = {
				ASSETCATALOG_COMPILER_APPICON_NAME = AppIcon;
				"CODE_SIGN_IDENTITY[sdk=iphoneos*]" = "iPhone Developer";
				DEVELOPMENT_TEAM = R6WRAS7NH9;
				INFOPLIST_FILE = MapViewer/Info.plist;
				LD_RUNPATH_SEARCH_PATHS = "$(inherited) @executable_path/Frameworks";
				PRODUCT_BUNDLE_IDENTIFIER = DF.RoboHash;
				PRODUCT_NAME = "$(TARGET_NAME)";
				SWIFT_VERSION = 3.0;
			};
			name = Release;
		};
/* End XCBuildConfiguration section */

/* Begin XCConfigurationList section */
		E09134281E7945F400D3BBFD /* Build configuration list for PBXProject "MapViewer" */ = {
			isa = XCConfigurationList;
			buildConfigurations = (
				E091343F1E7945F400D3BBFD /* Debug */,
				E09134401E7945F400D3BBFD /* Release */,
			);
			defaultConfigurationIsVisible = 0;
			defaultConfigurationName = Release;
		};
		E09134411E7945F400D3BBFD /* Build configuration list for PBXNativeTarget "MapViewer" */ = {
			isa = XCConfigurationList;
			buildConfigurations = (
				E09134421E7945F400D3BBFD /* Debug */,
				E09134431E7945F400D3BBFD /* Release */,
			);
			defaultConfigurationIsVisible = 0;
			defaultConfigurationName = Release;
		};
/* End XCConfigurationList section */

/* Begin XCVersionGroup section */
		E0239AB11E7C330600072260 /* Model.xcdatamodeld */ = {
			isa = XCVersionGroup;
			children = (
				E0239AB21E7C330600072260 /* Model.xcdatamodel */,
			);
			currentVersion = E0239AB21E7C330600072260 /* Model.xcdatamodel */;
			path = Model.xcdatamodeld;
			sourceTree = "<group>";
			versionGroupType = wrapper.xcdatamodel;
		};
/* End XCVersionGroup section */
	};
	rootObject = E09134251E7945F400D3BBFD /* Project object */;
}
